// !$*UTF8*$!
{
	archiveVersion = 1;
	classes = {
	};
	objectVersion = 46;
	objects = {

/* Begin PBXBuildFile section */
		202A706D36F0F8BFE41AB802 /* Pods_HSTrackerUITests.framework in Frameworks */ = {isa = PBXBuildFile; fileRef = 6FFB8F3F8763FD98FAD3C32F /* Pods_HSTrackerUITests.framework */; };
		3051E5FC75FE21E9802087D0 /* Pods_HSTracker.framework in Frameworks */ = {isa = PBXBuildFile; fileRef = 1C56C37329B1EFFDD9485DF9 /* Pods_HSTracker.framework */; };
		4317196F1C84910600F5988B /* EditDeck.xib in Resources */ = {isa = PBXBuildFile; fileRef = 4317196E1C84910600F5988B /* EditDeck.xib */; };
		431719711C84911300F5988B /* EditDeck.swift in Sources */ = {isa = PBXBuildFile; fileRef = 431719701C84911300F5988B /* EditDeck.swift */; };
		434C2F2A1C7F0F96001D1D91 /* NewDeck.xib in Resources */ = {isa = PBXBuildFile; fileRef = 434C2F291C7F0F96001D1D91 /* NewDeck.xib */; };
		434C2F2C1C7F122A001D1D91 /* NewDeck.swift in Sources */ = {isa = PBXBuildFile; fileRef = 434C2F2B1C7F122A001D1D91 /* NewDeck.swift */; };
		434C2F2F1C7F437D001D1D91 /* NetImporter.swift in Sources */ = {isa = PBXBuildFile; fileRef = 434C2F2E1C7F437D001D1D91 /* NetImporter.swift */; };
		434C2F321C7F475E001D1D91 /* Hearthpwn.swift in Sources */ = {isa = PBXBuildFile; fileRef = 434C2F311C7F475E001D1D91 /* Hearthpwn.swift */; };
		434C2F341C7F4816001D1D91 /* HearthpwnDeckBuilder.swift in Sources */ = {isa = PBXBuildFile; fileRef = 434C2F331C7F4816001D1D91 /* HearthpwnDeckBuilder.swift */; };
		434C2F361C7F4857001D1D91 /* HearthstoneDecks.swift in Sources */ = {isa = PBXBuildFile; fileRef = 434C2F351C7F4857001D1D91 /* HearthstoneDecks.swift */; };
		434C2F381C7F487D001D1D91 /* Hearthstats.swift in Sources */ = {isa = PBXBuildFile; fileRef = 434C2F371C7F487D001D1D91 /* Hearthstats.swift */; };
		434C2F3A1C7F48BE001D1D91 /* Hearthhead.swift in Sources */ = {isa = PBXBuildFile; fileRef = 434C2F391C7F48BE001D1D91 /* Hearthhead.swift */; };
		434C2F3C1C7F48E9001D1D91 /* Hearthnews.swift in Sources */ = {isa = PBXBuildFile; fileRef = 434C2F3B1C7F48E9001D1D91 /* Hearthnews.swift */; };
		434C2F3E1C7F491C001D1D91 /* Heartharena.swift in Sources */ = {isa = PBXBuildFile; fileRef = 434C2F3D1C7F491C001D1D91 /* Heartharena.swift */; };
		434C2F421C7F50F4001D1D91 /* BaseNetImporter.swift in Sources */ = {isa = PBXBuildFile; fileRef = 434C2F411C7F50F4001D1D91 /* BaseNetImporter.swift */; };
		436032981C79D59C005F1893 /* ImageDownloader.swift in Sources */ = {isa = PBXBuildFile; fileRef = 436032971C79D59C005F1893 /* ImageDownloader.swift */; };
		4360329A1C7B6578005F1893 /* InitialConfiguration.swift in Sources */ = {isa = PBXBuildFile; fileRef = 439C7ED11C777FA900D29859 /* InitialConfiguration.swift */; };
		4360329B1C7B657C005F1893 /* Splashscreen.swift in Sources */ = {isa = PBXBuildFile; fileRef = 439C7ED31C777FA900D29859 /* Splashscreen.swift */; };
		436032A21C7D0333005F1893 /* DeckManager.swift in Sources */ = {isa = PBXBuildFile; fileRef = 436032A11C7D0332005F1893 /* DeckManager.swift */; };
		436969151C80653000CE1D29 /* LinqExtension.swift in Sources */ = {isa = PBXBuildFile; fileRef = 436969141C80653000CE1D29 /* LinqExtension.swift */; };
		439C7E4C1C7772C000D29859 /* AppDelegate.swift in Sources */ = {isa = PBXBuildFile; fileRef = 439C7E4B1C7772C000D29859 /* AppDelegate.swift */; };
		439C7E531C7772C000D29859 /* Assets.xcassets in Resources */ = {isa = PBXBuildFile; fileRef = 439C7E521C7772C000D29859 /* Assets.xcassets */; };
		439C7E611C7772C100D29859 /* HSTrackerTests.swift in Sources */ = {isa = PBXBuildFile; fileRef = 439C7E601C7772C100D29859 /* HSTrackerTests.swift */; };
		439C7E6C1C7772C100D29859 /* HSTrackerUITests.swift in Sources */ = {isa = PBXBuildFile; fileRef = 439C7E6B1C7772C100D29859 /* HSTrackerUITests.swift */; };
		439C7E851C777CFC00D29859 /* Deck.swift in Sources */ = {isa = PBXBuildFile; fileRef = 439C7E7D1C777CFC00D29859 /* Deck.swift */; };
		439C7E891C777CFC00D29859 /* Card.swift in Sources */ = {isa = PBXBuildFile; fileRef = 439C7E811C777CFC00D29859 /* Card.swift */; };
		439C7E8B1C777CFC00D29859 /* CardMechanic.swift in Sources */ = {isa = PBXBuildFile; fileRef = 439C7E831C777CFC00D29859 /* CardMechanic.swift */; };
		439C7E8D1C777D1C00D29859 /* Database.swift in Sources */ = {isa = PBXBuildFile; fileRef = 439C7E8C1C777D1C00D29859 /* Database.swift */; };
		439C7E8F1C777D6C00D29859 /* Resources in Resources */ = {isa = PBXBuildFile; fileRef = 439C7E8E1C777D6C00D29859 /* Resources */; };
		439C7E921C777EFA00D29859 /* Settings.swift in Sources */ = {isa = PBXBuildFile; fileRef = 439C7E911C777EFA00D29859 /* Settings.swift */; };
		439C7EB41C777F8900D29859 /* CardEntity.swift in Sources */ = {isa = PBXBuildFile; fileRef = 439C7E941C777F8900D29859 /* CardEntity.swift */; };
		439C7EB51C777F8900D29859 /* Entity.swift in Sources */ = {isa = PBXBuildFile; fileRef = 439C7E951C777F8900D29859 /* Entity.swift */; };
		439C7EB61C777F8900D29859 /* CardMark.swift in Sources */ = {isa = PBXBuildFile; fileRef = 439C7E971C777F8900D29859 /* CardMark.swift */; };
		439C7EB71C777F8900D29859 /* CardType.swift in Sources */ = {isa = PBXBuildFile; fileRef = 439C7E981C777F8900D29859 /* CardType.swift */; };
		439C7EB81C777F8900D29859 /* GameMode.swift in Sources */ = {isa = PBXBuildFile; fileRef = 439C7E991C777F8900D29859 /* GameMode.swift */; };
		439C7EB91C777F8900D29859 /* GameResult.swift in Sources */ = {isa = PBXBuildFile; fileRef = 439C7E9A1C777F8900D29859 /* GameResult.swift */; };
		439C7EBA1C777F8900D29859 /* GameTag.swift in Sources */ = {isa = PBXBuildFile; fileRef = 439C7E9B1C777F8900D29859 /* GameTag.swift */; };
		439C7EBB1C777F8900D29859 /* Mulligan.swift in Sources */ = {isa = PBXBuildFile; fileRef = 439C7E9C1C777F8900D29859 /* Mulligan.swift */; };
		439C7EBC1C777F8900D29859 /* PlayState.swift in Sources */ = {isa = PBXBuildFile; fileRef = 439C7E9D1C777F8900D29859 /* PlayState.swift */; };
		439C7EBD1C777F8900D29859 /* TagClass.swift in Sources */ = {isa = PBXBuildFile; fileRef = 439C7E9E1C777F8900D29859 /* TagClass.swift */; };
		439C7EBE1C777F8900D29859 /* Zone.swift in Sources */ = {isa = PBXBuildFile; fileRef = 439C7E9F1C777F8900D29859 /* Zone.swift */; };
		439C7EBF1C777F8900D29859 /* Game.swift in Sources */ = {isa = PBXBuildFile; fileRef = 439C7EA11C777F8900D29859 /* Game.swift */; };
		439C7EC01C777F8900D29859 /* ArenaHandler.swift in Sources */ = {isa = PBXBuildFile; fileRef = 439C7EA31C777F8900D29859 /* ArenaHandler.swift */; };
		439C7EC11C777F8900D29859 /* AssetHandler.swift in Sources */ = {isa = PBXBuildFile; fileRef = 439C7EA41C777F8900D29859 /* AssetHandler.swift */; };
		439C7EC21C777F8900D29859 /* BobHandler.swift in Sources */ = {isa = PBXBuildFile; fileRef = 439C7EA51C777F8900D29859 /* BobHandler.swift */; };
		439C7EC31C777F8900D29859 /* LoadingScreenHandler.swift in Sources */ = {isa = PBXBuildFile; fileRef = 439C7EA61C777F8900D29859 /* LoadingScreenHandler.swift */; };
		439C7EC41C777F8900D29859 /* NetHandler.swift in Sources */ = {isa = PBXBuildFile; fileRef = 439C7EA71C777F8900D29859 /* NetHandler.swift */; };
		439C7EC51C777F8900D29859 /* PowerGameStateHandler.swift in Sources */ = {isa = PBXBuildFile; fileRef = 439C7EA81C777F8900D29859 /* PowerGameStateHandler.swift */; };
		439C7EC61C777F8900D29859 /* RachelleHandler.swift in Sources */ = {isa = PBXBuildFile; fileRef = 439C7EA91C777F8900D29859 /* RachelleHandler.swift */; };
		439C7EC71C777F8900D29859 /* TagChangeHandler.swift in Sources */ = {isa = PBXBuildFile; fileRef = 439C7EAA1C777F8900D29859 /* TagChangeHandler.swift */; };
		439C7EC81C777F8900D29859 /* Hearthstone.swift in Sources */ = {isa = PBXBuildFile; fileRef = 439C7EAC1C777F8900D29859 /* Hearthstone.swift */; };
		439C7EC91C777F8900D29859 /* LogLine.swift in Sources */ = {isa = PBXBuildFile; fileRef = 439C7EAD1C777F8900D29859 /* LogLine.swift */; };
		439C7ECA1C777F8900D29859 /* LogReader.swift in Sources */ = {isa = PBXBuildFile; fileRef = 439C7EAF1C777F8900D29859 /* LogReader.swift */; };
		439C7ECB1C777F8900D29859 /* LogReaderManager.swift in Sources */ = {isa = PBXBuildFile; fileRef = 439C7EB11C777F8900D29859 /* LogReaderManager.swift */; };
		439C7ECC1C777F8900D29859 /* Player.swift in Sources */ = {isa = PBXBuildFile; fileRef = 439C7EB31C777F8900D29859 /* Player.swift */; };
		439C7EDE1C777FA900D29859 /* ImageCache.swift in Sources */ = {isa = PBXBuildFile; fileRef = 439C7ECF1C777FA900D29859 /* ImageCache.swift */; };
		439C7EE11C777FA900D29859 /* CardCellView.swift in Sources */ = {isa = PBXBuildFile; fileRef = 439C7ED61C777FA900D29859 /* CardCellView.swift */; };
		439C7EE31C777FA900D29859 /* Tracker.swift in Sources */ = {isa = PBXBuildFile; fileRef = 439C7EDC1C777FA900D29859 /* Tracker.swift */; };
		439C7EE41C777FA900D29859 /* Tracker.xib in Resources */ = {isa = PBXBuildFile; fileRef = 439C7EDD1C777FA900D29859 /* Tracker.xib */; };
		439C7EEA1C777FCF00D29859 /* NSArray+HSTracker.swift in Sources */ = {isa = PBXBuildFile; fileRef = 439C7EE81C777FCF00D29859 /* NSArray+HSTracker.swift */; };
		439C7EEB1C777FCF00D29859 /* NSString+HSTracker.swift in Sources */ = {isa = PBXBuildFile; fileRef = 439C7EE91C777FCF00D29859 /* NSString+HSTracker.swift */; };
		439C7EEC1C77991100D29859 /* CardSize.swift in Sources */ = {isa = PBXBuildFile; fileRef = 439C7ED71C777FA900D29859 /* CardSize.swift */; };
		439C7EED1C77997000D29859 /* HandCountPosition.swift in Sources */ = {isa = PBXBuildFile; fileRef = 439C7ED81C777FA900D29859 /* HandCountPosition.swift */; };
		439C7EF11C78A71300D29859 /* InitialConfiguration.xib in Resources */ = {isa = PBXBuildFile; fileRef = 439C7EEE1C78A71300D29859 /* InitialConfiguration.xib */; };
		439C7EF21C78A71300D29859 /* MainMenu.xib in Resources */ = {isa = PBXBuildFile; fileRef = 439C7EEF1C78A71300D29859 /* MainMenu.xib */; };
		439C7EF31C78A71300D29859 /* Splashscreen.xib in Resources */ = {isa = PBXBuildFile; fileRef = 439C7EF01C78A71300D29859 /* Splashscreen.xib */; };
		43D307FB1C83159C00480488 /* SizeHelper.swift in Sources */ = {isa = PBXBuildFile; fileRef = 43D307FA1C83159C00480488 /* SizeHelper.swift */; };
		43D307FD1C835DBA00480488 /* NetImportTest.swift in Sources */ = {isa = PBXBuildFile; fileRef = 43D307FC1C835DBA00480488 /* NetImportTest.swift */; };
		43D308001C842DA700480488 /* GeneralPreferences.xib in Resources */ = {isa = PBXBuildFile; fileRef = 43D307FF1C842DA700480488 /* GeneralPreferences.xib */; };
		43D308021C842DB400480488 /* GamePreferences.xib in Resources */ = {isa = PBXBuildFile; fileRef = 43D308011C842DB400480488 /* GamePreferences.xib */; };
		43D308041C842DC000480488 /* GeneralPreferences.swift in Sources */ = {isa = PBXBuildFile; fileRef = 43D308031C842DC000480488 /* GeneralPreferences.swift */; };
		43D308061C842DC900480488 /* GamePrefences.swift in Sources */ = {isa = PBXBuildFile; fileRef = 43D308051C842DC900480488 /* GamePrefences.swift */; };
		43D308081C84410000480488 /* TrackersPreferences.swift in Sources */ = {isa = PBXBuildFile; fileRef = 43D308071C84410000480488 /* TrackersPreferences.swift */; };
		43D3080A1C84411200480488 /* TrackersPreferences.xib in Resources */ = {isa = PBXBuildFile; fileRef = 43D308091C84411200480488 /* TrackersPreferences.xib */; };
		43EECB941C7DE1E40077AC1B /* DeckManager.xib in Resources */ = {isa = PBXBuildFile; fileRef = 43EECB931C7DE1E40077AC1B /* DeckManager.xib */; };
		43EECB961C7DE3BA0077AC1B /* DeckCellView.swift in Sources */ = {isa = PBXBuildFile; fileRef = 43EECB951C7DE3BA0077AC1B /* DeckCellView.swift */; };
		43EECB981C7DEF7F0077AC1B /* ClassColor.swift in Sources */ = {isa = PBXBuildFile; fileRef = 43EECB971C7DEF7F0077AC1B /* ClassColor.swift */; };
		43EECB9A1C7E3F620077AC1B /* DeckCellView.xib in Resources */ = {isa = PBXBuildFile; fileRef = 43EECB991C7E3F620077AC1B /* DeckCellView.xib */; };
		43EECB9C1C7E4EA20077AC1B /* CurveView.swift in Sources */ = {isa = PBXBuildFile; fileRef = 43EECB9B1C7E4EA20077AC1B /* CurveView.swift */; };
		43F000301C81BAE8000F2F8F /* Mode.swift in Sources */ = {isa = PBXBuildFile; fileRef = 43F0002F1C81BAE8000F2F8F /* Mode.swift */; };
		64C11831FAF872B46E57E719 /* CardIds.swift in Sources */ = {isa = PBXBuildFile; fileRef = 64C117BCDB7C91174D0EAD99 /* CardIds.swift */; };
		B9B4194B0AF1FB50E30AA9CD /* Pods_HSTrackerTests.framework in Frameworks */ = {isa = PBXBuildFile; fileRef = D11EF751C5BDA03013DFFFB2 /* Pods_HSTrackerTests.framework */; };
/* End PBXBuildFile section */

/* Begin PBXContainerItemProxy section */
		439C7E5D1C7772C100D29859 /* PBXContainerItemProxy */ = {
			isa = PBXContainerItemProxy;
			containerPortal = 439C7E401C7772C000D29859 /* Project object */;
			proxyType = 1;
			remoteGlobalIDString = 439C7E471C7772C000D29859;
			remoteInfo = HSTracker;
		};
		439C7E681C7772C100D29859 /* PBXContainerItemProxy */ = {
			isa = PBXContainerItemProxy;
			containerPortal = 439C7E401C7772C000D29859 /* Project object */;
			proxyType = 1;
			remoteGlobalIDString = 439C7E471C7772C000D29859;
			remoteInfo = HSTracker;
		};
/* End PBXContainerItemProxy section */

/* Begin PBXFileReference section */
		127403DD07CF436D8A62AD88 /* Pods-HSTrackerTests.debug.xcconfig */ = {isa = PBXFileReference; includeInIndex = 1; lastKnownFileType = text.xcconfig; name = "Pods-HSTrackerTests.debug.xcconfig"; path = "Pods/Target Support Files/Pods-HSTrackerTests/Pods-HSTrackerTests.debug.xcconfig"; sourceTree = "<group>"; };
		1C56C37329B1EFFDD9485DF9 /* Pods_HSTracker.framework */ = {isa = PBXFileReference; explicitFileType = wrapper.framework; includeInIndex = 0; path = Pods_HSTracker.framework; sourceTree = BUILT_PRODUCTS_DIR; };
		4317196E1C84910600F5988B /* EditDeck.xib */ = {isa = PBXFileReference; fileEncoding = 4; lastKnownFileType = file.xib; path = EditDeck.xib; sourceTree = "<group>"; };
		431719701C84911300F5988B /* EditDeck.swift */ = {isa = PBXFileReference; fileEncoding = 4; lastKnownFileType = sourcecode.swift; path = EditDeck.swift; sourceTree = "<group>"; };
		434C2F291C7F0F96001D1D91 /* NewDeck.xib */ = {isa = PBXFileReference; fileEncoding = 4; lastKnownFileType = file.xib; path = NewDeck.xib; sourceTree = "<group>"; };
		434C2F2B1C7F122A001D1D91 /* NewDeck.swift */ = {isa = PBXFileReference; fileEncoding = 4; lastKnownFileType = sourcecode.swift; path = NewDeck.swift; sourceTree = "<group>"; };
		434C2F2E1C7F437D001D1D91 /* NetImporter.swift */ = {isa = PBXFileReference; fileEncoding = 4; lastKnownFileType = sourcecode.swift; path = NetImporter.swift; sourceTree = "<group>"; };
		434C2F311C7F475E001D1D91 /* Hearthpwn.swift */ = {isa = PBXFileReference; fileEncoding = 4; lastKnownFileType = sourcecode.swift; path = Hearthpwn.swift; sourceTree = "<group>"; };
		434C2F331C7F4816001D1D91 /* HearthpwnDeckBuilder.swift */ = {isa = PBXFileReference; fileEncoding = 4; lastKnownFileType = sourcecode.swift; path = HearthpwnDeckBuilder.swift; sourceTree = "<group>"; };
		434C2F351C7F4857001D1D91 /* HearthstoneDecks.swift */ = {isa = PBXFileReference; fileEncoding = 4; lastKnownFileType = sourcecode.swift; path = HearthstoneDecks.swift; sourceTree = "<group>"; };
		434C2F371C7F487D001D1D91 /* Hearthstats.swift */ = {isa = PBXFileReference; fileEncoding = 4; lastKnownFileType = sourcecode.swift; path = Hearthstats.swift; sourceTree = "<group>"; };
		434C2F391C7F48BE001D1D91 /* Hearthhead.swift */ = {isa = PBXFileReference; fileEncoding = 4; lastKnownFileType = sourcecode.swift; path = Hearthhead.swift; sourceTree = "<group>"; };
		434C2F3B1C7F48E9001D1D91 /* Hearthnews.swift */ = {isa = PBXFileReference; fileEncoding = 4; lastKnownFileType = sourcecode.swift; path = Hearthnews.swift; sourceTree = "<group>"; };
		434C2F3D1C7F491C001D1D91 /* Heartharena.swift */ = {isa = PBXFileReference; fileEncoding = 4; lastKnownFileType = sourcecode.swift; path = Heartharena.swift; sourceTree = "<group>"; };
		434C2F411C7F50F4001D1D91 /* BaseNetImporter.swift */ = {isa = PBXFileReference; fileEncoding = 4; lastKnownFileType = sourcecode.swift; path = BaseNetImporter.swift; sourceTree = "<group>"; };
		436032971C79D59C005F1893 /* ImageDownloader.swift */ = {isa = PBXFileReference; fileEncoding = 4; lastKnownFileType = sourcecode.swift; path = ImageDownloader.swift; sourceTree = "<group>"; };
		436032A11C7D0332005F1893 /* DeckManager.swift */ = {isa = PBXFileReference; fileEncoding = 4; lastKnownFileType = sourcecode.swift; path = DeckManager.swift; sourceTree = "<group>"; };
		436969141C80653000CE1D29 /* LinqExtension.swift */ = {isa = PBXFileReference; fileEncoding = 4; lastKnownFileType = sourcecode.swift; path = LinqExtension.swift; sourceTree = "<group>"; };
		439C7E481C7772C000D29859 /* HSTracker.app */ = {isa = PBXFileReference; explicitFileType = wrapper.application; includeInIndex = 0; path = HSTracker.app; sourceTree = BUILT_PRODUCTS_DIR; };
		439C7E4B1C7772C000D29859 /* AppDelegate.swift */ = {isa = PBXFileReference; lastKnownFileType = sourcecode.swift; path = AppDelegate.swift; sourceTree = "<group>"; };
		439C7E521C7772C000D29859 /* Assets.xcassets */ = {isa = PBXFileReference; lastKnownFileType = folder.assetcatalog; path = Assets.xcassets; sourceTree = "<group>"; };
		439C7E571C7772C000D29859 /* Info.plist */ = {isa = PBXFileReference; lastKnownFileType = text.plist.xml; path = Info.plist; sourceTree = "<group>"; };
		439C7E5C1C7772C100D29859 /* HSTrackerTests.xctest */ = {isa = PBXFileReference; explicitFileType = wrapper.cfbundle; includeInIndex = 0; path = HSTrackerTests.xctest; sourceTree = BUILT_PRODUCTS_DIR; };
		439C7E601C7772C100D29859 /* HSTrackerTests.swift */ = {isa = PBXFileReference; lastKnownFileType = sourcecode.swift; path = HSTrackerTests.swift; sourceTree = "<group>"; };
		439C7E621C7772C100D29859 /* Info.plist */ = {isa = PBXFileReference; lastKnownFileType = text.plist.xml; path = Info.plist; sourceTree = "<group>"; };
		439C7E671C7772C100D29859 /* HSTrackerUITests.xctest */ = {isa = PBXFileReference; explicitFileType = wrapper.cfbundle; includeInIndex = 0; path = HSTrackerUITests.xctest; sourceTree = BUILT_PRODUCTS_DIR; };
		439C7E6B1C7772C100D29859 /* HSTrackerUITests.swift */ = {isa = PBXFileReference; lastKnownFileType = sourcecode.swift; path = HSTrackerUITests.swift; sourceTree = "<group>"; };
		439C7E6D1C7772C100D29859 /* Info.plist */ = {isa = PBXFileReference; lastKnownFileType = text.plist.xml; path = Info.plist; sourceTree = "<group>"; };
		439C7E791C7779D200D29859 /* HSTracker-Bridging-Header.h */ = {isa = PBXFileReference; fileEncoding = 4; lastKnownFileType = sourcecode.c.h; path = "HSTracker-Bridging-Header.h"; sourceTree = "<group>"; };
		439C7E7D1C777CFC00D29859 /* Deck.swift */ = {isa = PBXFileReference; fileEncoding = 4; lastKnownFileType = sourcecode.swift; path = Deck.swift; sourceTree = "<group>"; };
		439C7E811C777CFC00D29859 /* Card.swift */ = {isa = PBXFileReference; fileEncoding = 4; lastKnownFileType = sourcecode.swift; path = Card.swift; sourceTree = "<group>"; };
		439C7E831C777CFC00D29859 /* CardMechanic.swift */ = {isa = PBXFileReference; fileEncoding = 4; lastKnownFileType = sourcecode.swift; path = CardMechanic.swift; sourceTree = "<group>"; };
		439C7E8C1C777D1C00D29859 /* Database.swift */ = {isa = PBXFileReference; fileEncoding = 4; lastKnownFileType = sourcecode.swift; path = Database.swift; sourceTree = "<group>"; };
		439C7E8E1C777D6C00D29859 /* Resources */ = {isa = PBXFileReference; lastKnownFileType = folder; path = Resources; sourceTree = "<group>"; };
		439C7E911C777EFA00D29859 /* Settings.swift */ = {isa = PBXFileReference; fileEncoding = 4; lastKnownFileType = sourcecode.swift; path = Settings.swift; sourceTree = "<group>"; };
		439C7E941C777F8900D29859 /* CardEntity.swift */ = {isa = PBXFileReference; fileEncoding = 4; lastKnownFileType = sourcecode.swift; path = CardEntity.swift; sourceTree = "<group>"; };
		439C7E951C777F8900D29859 /* Entity.swift */ = {isa = PBXFileReference; fileEncoding = 4; lastKnownFileType = sourcecode.swift; path = Entity.swift; sourceTree = "<group>"; };
		439C7E971C777F8900D29859 /* CardMark.swift */ = {isa = PBXFileReference; fileEncoding = 4; lastKnownFileType = sourcecode.swift; path = CardMark.swift; sourceTree = "<group>"; };
		439C7E981C777F8900D29859 /* CardType.swift */ = {isa = PBXFileReference; fileEncoding = 4; lastKnownFileType = sourcecode.swift; path = CardType.swift; sourceTree = "<group>"; };
		439C7E991C777F8900D29859 /* GameMode.swift */ = {isa = PBXFileReference; fileEncoding = 4; lastKnownFileType = sourcecode.swift; path = GameMode.swift; sourceTree = "<group>"; };
		439C7E9A1C777F8900D29859 /* GameResult.swift */ = {isa = PBXFileReference; fileEncoding = 4; lastKnownFileType = sourcecode.swift; path = GameResult.swift; sourceTree = "<group>"; };
		439C7E9B1C777F8900D29859 /* GameTag.swift */ = {isa = PBXFileReference; fileEncoding = 4; lastKnownFileType = sourcecode.swift; path = GameTag.swift; sourceTree = "<group>"; };
		439C7E9C1C777F8900D29859 /* Mulligan.swift */ = {isa = PBXFileReference; fileEncoding = 4; lastKnownFileType = sourcecode.swift; path = Mulligan.swift; sourceTree = "<group>"; };
		439C7E9D1C777F8900D29859 /* PlayState.swift */ = {isa = PBXFileReference; fileEncoding = 4; lastKnownFileType = sourcecode.swift; path = PlayState.swift; sourceTree = "<group>"; };
		439C7E9E1C777F8900D29859 /* TagClass.swift */ = {isa = PBXFileReference; fileEncoding = 4; lastKnownFileType = sourcecode.swift; path = TagClass.swift; sourceTree = "<group>"; };
		439C7E9F1C777F8900D29859 /* Zone.swift */ = {isa = PBXFileReference; fileEncoding = 4; lastKnownFileType = sourcecode.swift; path = Zone.swift; sourceTree = "<group>"; };
		439C7EA11C777F8900D29859 /* Game.swift */ = {isa = PBXFileReference; fileEncoding = 4; lastKnownFileType = sourcecode.swift; path = Game.swift; sourceTree = "<group>"; };
		439C7EA31C777F8900D29859 /* ArenaHandler.swift */ = {isa = PBXFileReference; fileEncoding = 4; lastKnownFileType = sourcecode.swift; path = ArenaHandler.swift; sourceTree = "<group>"; };
		439C7EA41C777F8900D29859 /* AssetHandler.swift */ = {isa = PBXFileReference; fileEncoding = 4; lastKnownFileType = sourcecode.swift; path = AssetHandler.swift; sourceTree = "<group>"; };
		439C7EA51C777F8900D29859 /* BobHandler.swift */ = {isa = PBXFileReference; fileEncoding = 4; lastKnownFileType = sourcecode.swift; path = BobHandler.swift; sourceTree = "<group>"; };
		439C7EA61C777F8900D29859 /* LoadingScreenHandler.swift */ = {isa = PBXFileReference; fileEncoding = 4; lastKnownFileType = sourcecode.swift; path = LoadingScreenHandler.swift; sourceTree = "<group>"; };
		439C7EA71C777F8900D29859 /* NetHandler.swift */ = {isa = PBXFileReference; fileEncoding = 4; lastKnownFileType = sourcecode.swift; path = NetHandler.swift; sourceTree = "<group>"; };
		439C7EA81C777F8900D29859 /* PowerGameStateHandler.swift */ = {isa = PBXFileReference; fileEncoding = 4; lastKnownFileType = sourcecode.swift; path = PowerGameStateHandler.swift; sourceTree = "<group>"; };
		439C7EA91C777F8900D29859 /* RachelleHandler.swift */ = {isa = PBXFileReference; fileEncoding = 4; lastKnownFileType = sourcecode.swift; path = RachelleHandler.swift; sourceTree = "<group>"; };
		439C7EAA1C777F8900D29859 /* TagChangeHandler.swift */ = {isa = PBXFileReference; fileEncoding = 4; lastKnownFileType = sourcecode.swift; path = TagChangeHandler.swift; sourceTree = "<group>"; };
		439C7EAC1C777F8900D29859 /* Hearthstone.swift */ = {isa = PBXFileReference; fileEncoding = 4; lastKnownFileType = sourcecode.swift; path = Hearthstone.swift; sourceTree = "<group>"; };
		439C7EAD1C777F8900D29859 /* LogLine.swift */ = {isa = PBXFileReference; fileEncoding = 4; lastKnownFileType = sourcecode.swift; path = LogLine.swift; sourceTree = "<group>"; };
		439C7EAF1C777F8900D29859 /* LogReader.swift */ = {isa = PBXFileReference; fileEncoding = 4; lastKnownFileType = sourcecode.swift; path = LogReader.swift; sourceTree = "<group>"; };
		439C7EB11C777F8900D29859 /* LogReaderManager.swift */ = {isa = PBXFileReference; fileEncoding = 4; lastKnownFileType = sourcecode.swift; path = LogReaderManager.swift; sourceTree = "<group>"; };
		439C7EB31C777F8900D29859 /* Player.swift */ = {isa = PBXFileReference; fileEncoding = 4; lastKnownFileType = sourcecode.swift; path = Player.swift; sourceTree = "<group>"; };
		439C7ECF1C777FA900D29859 /* ImageCache.swift */ = {isa = PBXFileReference; fileEncoding = 4; lastKnownFileType = sourcecode.swift; path = ImageCache.swift; sourceTree = "<group>"; };
		439C7ED11C777FA900D29859 /* InitialConfiguration.swift */ = {isa = PBXFileReference; fileEncoding = 4; lastKnownFileType = sourcecode.swift; path = InitialConfiguration.swift; sourceTree = "<group>"; };
		439C7ED31C777FA900D29859 /* Splashscreen.swift */ = {isa = PBXFileReference; fileEncoding = 4; lastKnownFileType = sourcecode.swift; path = Splashscreen.swift; sourceTree = "<group>"; };
		439C7ED61C777FA900D29859 /* CardCellView.swift */ = {isa = PBXFileReference; fileEncoding = 4; lastKnownFileType = sourcecode.swift; path = CardCellView.swift; sourceTree = "<group>"; };
		439C7ED71C777FA900D29859 /* CardSize.swift */ = {isa = PBXFileReference; fileEncoding = 4; lastKnownFileType = sourcecode.swift; path = CardSize.swift; sourceTree = "<group>"; };
		439C7ED81C777FA900D29859 /* HandCountPosition.swift */ = {isa = PBXFileReference; fileEncoding = 4; lastKnownFileType = sourcecode.swift; path = HandCountPosition.swift; sourceTree = "<group>"; };
		439C7EDC1C777FA900D29859 /* Tracker.swift */ = {isa = PBXFileReference; fileEncoding = 4; lastKnownFileType = sourcecode.swift; path = Tracker.swift; sourceTree = "<group>"; };
		439C7EDD1C777FA900D29859 /* Tracker.xib */ = {isa = PBXFileReference; fileEncoding = 4; lastKnownFileType = file.xib; path = Tracker.xib; sourceTree = "<group>"; };
		439C7EE81C777FCF00D29859 /* NSArray+HSTracker.swift */ = {isa = PBXFileReference; fileEncoding = 4; lastKnownFileType = sourcecode.swift; path = "NSArray+HSTracker.swift"; sourceTree = "<group>"; };
		439C7EE91C777FCF00D29859 /* NSString+HSTracker.swift */ = {isa = PBXFileReference; fileEncoding = 4; lastKnownFileType = sourcecode.swift; path = "NSString+HSTracker.swift"; sourceTree = "<group>"; };
		439C7EEE1C78A71300D29859 /* InitialConfiguration.xib */ = {isa = PBXFileReference; fileEncoding = 4; lastKnownFileType = file.xib; path = InitialConfiguration.xib; sourceTree = "<group>"; };
		439C7EEF1C78A71300D29859 /* MainMenu.xib */ = {isa = PBXFileReference; fileEncoding = 4; lastKnownFileType = file.xib; path = MainMenu.xib; sourceTree = "<group>"; };
		439C7EF01C78A71300D29859 /* Splashscreen.xib */ = {isa = PBXFileReference; fileEncoding = 4; lastKnownFileType = file.xib; path = Splashscreen.xib; sourceTree = "<group>"; };
		43D307FA1C83159C00480488 /* SizeHelper.swift */ = {isa = PBXFileReference; fileEncoding = 4; lastKnownFileType = sourcecode.swift; path = SizeHelper.swift; sourceTree = "<group>"; };
		43D307FC1C835DBA00480488 /* NetImportTest.swift */ = {isa = PBXFileReference; fileEncoding = 4; lastKnownFileType = sourcecode.swift; path = NetImportTest.swift; sourceTree = "<group>"; };
		43D307FF1C842DA700480488 /* GeneralPreferences.xib */ = {isa = PBXFileReference; fileEncoding = 4; lastKnownFileType = file.xib; path = GeneralPreferences.xib; sourceTree = "<group>"; };
		43D308011C842DB400480488 /* GamePreferences.xib */ = {isa = PBXFileReference; fileEncoding = 4; lastKnownFileType = file.xib; path = GamePreferences.xib; sourceTree = "<group>"; };
		43D308031C842DC000480488 /* GeneralPreferences.swift */ = {isa = PBXFileReference; fileEncoding = 4; lastKnownFileType = sourcecode.swift; path = GeneralPreferences.swift; sourceTree = "<group>"; };
		43D308051C842DC900480488 /* GamePrefences.swift */ = {isa = PBXFileReference; fileEncoding = 4; lastKnownFileType = sourcecode.swift; path = GamePrefences.swift; sourceTree = "<group>"; };
		43D308071C84410000480488 /* TrackersPreferences.swift */ = {isa = PBXFileReference; fileEncoding = 4; lastKnownFileType = sourcecode.swift; path = TrackersPreferences.swift; sourceTree = "<group>"; };
		43D308091C84411200480488 /* TrackersPreferences.xib */ = {isa = PBXFileReference; fileEncoding = 4; lastKnownFileType = file.xib; path = TrackersPreferences.xib; sourceTree = "<group>"; };
		43EECB931C7DE1E40077AC1B /* DeckManager.xib */ = {isa = PBXFileReference; fileEncoding = 4; lastKnownFileType = file.xib; path = DeckManager.xib; sourceTree = "<group>"; };
		43EECB951C7DE3BA0077AC1B /* DeckCellView.swift */ = {isa = PBXFileReference; fileEncoding = 4; lastKnownFileType = sourcecode.swift; path = DeckCellView.swift; sourceTree = "<group>"; };
		43EECB971C7DEF7F0077AC1B /* ClassColor.swift */ = {isa = PBXFileReference; fileEncoding = 4; lastKnownFileType = sourcecode.swift; path = ClassColor.swift; sourceTree = "<group>"; };
		43EECB991C7E3F620077AC1B /* DeckCellView.xib */ = {isa = PBXFileReference; fileEncoding = 4; lastKnownFileType = file.xib; path = DeckCellView.xib; sourceTree = "<group>"; };
		43EECB9B1C7E4EA20077AC1B /* CurveView.swift */ = {isa = PBXFileReference; fileEncoding = 4; lastKnownFileType = sourcecode.swift; path = CurveView.swift; sourceTree = "<group>"; };
		43F0002F1C81BAE8000F2F8F /* Mode.swift */ = {isa = PBXFileReference; fileEncoding = 4; lastKnownFileType = sourcecode.swift; path = Mode.swift; sourceTree = "<group>"; };
		64C117BCDB7C91174D0EAD99 /* CardIds.swift */ = {isa = PBXFileReference; fileEncoding = 4; lastKnownFileType = sourcecode.swift; path = CardIds.swift; sourceTree = "<group>"; };
		6DF6E90CEA5D7299D8A9A854 /* Pods-HSTracker.debug.xcconfig */ = {isa = PBXFileReference; includeInIndex = 1; lastKnownFileType = text.xcconfig; name = "Pods-HSTracker.debug.xcconfig"; path = "Pods/Target Support Files/Pods-HSTracker/Pods-HSTracker.debug.xcconfig"; sourceTree = "<group>"; };
		6FFB8F3F8763FD98FAD3C32F /* Pods_HSTrackerUITests.framework */ = {isa = PBXFileReference; explicitFileType = wrapper.framework; includeInIndex = 0; path = Pods_HSTrackerUITests.framework; sourceTree = BUILT_PRODUCTS_DIR; };
		787C11774664AC0A4051C8E4 /* Pods-HSTracker.release.xcconfig */ = {isa = PBXFileReference; includeInIndex = 1; lastKnownFileType = text.xcconfig; name = "Pods-HSTracker.release.xcconfig"; path = "Pods/Target Support Files/Pods-HSTracker/Pods-HSTracker.release.xcconfig"; sourceTree = "<group>"; };
		A15A4BE30B2A9008669B3239 /* Pods-HSTrackerTests.release.xcconfig */ = {isa = PBXFileReference; includeInIndex = 1; lastKnownFileType = text.xcconfig; name = "Pods-HSTrackerTests.release.xcconfig"; path = "Pods/Target Support Files/Pods-HSTrackerTests/Pods-HSTrackerTests.release.xcconfig"; sourceTree = "<group>"; };
		A5F153329E34E12AAA4D5B7C /* Pods-HSTrackerUITests.release.xcconfig */ = {isa = PBXFileReference; includeInIndex = 1; lastKnownFileType = text.xcconfig; name = "Pods-HSTrackerUITests.release.xcconfig"; path = "Pods/Target Support Files/Pods-HSTrackerUITests/Pods-HSTrackerUITests.release.xcconfig"; sourceTree = "<group>"; };
		B8D89D78995F40C9E9DA4D40 /* Pods-HSTrackerUITests.debug.xcconfig */ = {isa = PBXFileReference; includeInIndex = 1; lastKnownFileType = text.xcconfig; name = "Pods-HSTrackerUITests.debug.xcconfig"; path = "Pods/Target Support Files/Pods-HSTrackerUITests/Pods-HSTrackerUITests.debug.xcconfig"; sourceTree = "<group>"; };
		D11EF751C5BDA03013DFFFB2 /* Pods_HSTrackerTests.framework */ = {isa = PBXFileReference; explicitFileType = wrapper.framework; includeInIndex = 0; path = Pods_HSTrackerTests.framework; sourceTree = BUILT_PRODUCTS_DIR; };
/* End PBXFileReference section */

/* Begin PBXFrameworksBuildPhase section */
		439C7E451C7772C000D29859 /* Frameworks */ = {
			isa = PBXFrameworksBuildPhase;
			buildActionMask = 2147483647;
			files = (
				3051E5FC75FE21E9802087D0 /* Pods_HSTracker.framework in Frameworks */,
			);
			runOnlyForDeploymentPostprocessing = 0;
		};
		439C7E591C7772C100D29859 /* Frameworks */ = {
			isa = PBXFrameworksBuildPhase;
			buildActionMask = 2147483647;
			files = (
				B9B4194B0AF1FB50E30AA9CD /* Pods_HSTrackerTests.framework in Frameworks */,
			);
			runOnlyForDeploymentPostprocessing = 0;
		};
		439C7E641C7772C100D29859 /* Frameworks */ = {
			isa = PBXFrameworksBuildPhase;
			buildActionMask = 2147483647;
			files = (
				202A706D36F0F8BFE41AB802 /* Pods_HSTrackerUITests.framework in Frameworks */,
			);
			runOnlyForDeploymentPostprocessing = 0;
		};
/* End PBXFrameworksBuildPhase section */

/* Begin PBXGroup section */
		434C2F2D1C7F433E001D1D91 /* Importers */ = {
			isa = PBXGroup;
			children = (
				434C2F301C7F45BE001D1D91 /* Handlers */,
				434C2F2E1C7F437D001D1D91 /* NetImporter.swift */,
				434C2F411C7F50F4001D1D91 /* BaseNetImporter.swift */,
			);
			path = Importers;
			sourceTree = "<group>";
		};
		434C2F301C7F45BE001D1D91 /* Handlers */ = {
			isa = PBXGroup;
			children = (
				434C2F311C7F475E001D1D91 /* Hearthpwn.swift */,
				434C2F331C7F4816001D1D91 /* HearthpwnDeckBuilder.swift */,
				434C2F351C7F4857001D1D91 /* HearthstoneDecks.swift */,
				434C2F371C7F487D001D1D91 /* Hearthstats.swift */,
				434C2F391C7F48BE001D1D91 /* Hearthhead.swift */,
				434C2F3B1C7F48E9001D1D91 /* Hearthnews.swift */,
				434C2F3D1C7F491C001D1D91 /* Heartharena.swift */,
			);
			path = Handlers;
			sourceTree = "<group>";
		};
		436032991C7B4C34005F1893 /* Preferences */ = {
			isa = PBXGroup;
			children = (
				439C7EEE1C78A71300D29859 /* InitialConfiguration.xib */,
				439C7EF01C78A71300D29859 /* Splashscreen.xib */,
				439C7ED11C777FA900D29859 /* InitialConfiguration.swift */,
				439C7ED31C777FA900D29859 /* Splashscreen.swift */,
				43D307FF1C842DA700480488 /* GeneralPreferences.xib */,
				43D308031C842DC000480488 /* GeneralPreferences.swift */,
				43D308011C842DB400480488 /* GamePreferences.xib */,
				43D308051C842DC900480488 /* GamePrefences.swift */,
				43D308071C84410000480488 /* TrackersPreferences.swift */,
				43D308091C84411200480488 /* TrackersPreferences.xib */,
			);
			path = Preferences;
			sourceTree = "<group>";
		};
		4360329E1C7D0113005F1893 /* DeckManager */ = {
			isa = PBXGroup;
			children = (
				436032A11C7D0332005F1893 /* DeckManager.swift */,
				43EECB931C7DE1E40077AC1B /* DeckManager.xib */,
				43EECB951C7DE3BA0077AC1B /* DeckCellView.swift */,
				43EECB991C7E3F620077AC1B /* DeckCellView.xib */,
				43EECB9B1C7E4EA20077AC1B /* CurveView.swift */,
				434C2F291C7F0F96001D1D91 /* NewDeck.xib */,
				434C2F2B1C7F122A001D1D91 /* NewDeck.swift */,
				4317196E1C84910600F5988B /* EditDeck.xib */,
				431719701C84911300F5988B /* EditDeck.swift */,
			);
			path = DeckManager;
			sourceTree = "<group>";
		};
		439C7E3F1C7772C000D29859 = {
			isa = PBXGroup;
			children = (
				439C7E4A1C7772C000D29859 /* HSTracker */,
				439C7E5F1C7772C100D29859 /* HSTrackerTests */,
				439C7E6A1C7772C100D29859 /* HSTrackerUITests */,
				439C7E491C7772C000D29859 /* Products */,
				82F55DC1DE1DEEB878F5386E /* Pods */,
				F997FED720A990D7DB50C540 /* Frameworks */,
			);
			sourceTree = "<group>";
		};
		439C7E491C7772C000D29859 /* Products */ = {
			isa = PBXGroup;
			children = (
				439C7E481C7772C000D29859 /* HSTracker.app */,
				439C7E5C1C7772C100D29859 /* HSTrackerTests.xctest */,
				439C7E671C7772C100D29859 /* HSTrackerUITests.xctest */,
			);
			name = Products;
			sourceTree = "<group>";
		};
		439C7E4A1C7772C000D29859 /* HSTracker */ = {
			isa = PBXGroup;
			children = (
				434C2F2D1C7F433E001D1D91 /* Importers */,
				439C7ECD1C777FA900D29859 /* UIs */,
				439C7E931C777F8900D29859 /* Logging */,
				439C7E901C777EE800D29859 /* Core */,
				439C7E8E1C777D6C00D29859 /* Resources */,
				439C7E7A1C777CC000D29859 /* Database */,
				439C7E4B1C7772C000D29859 /* AppDelegate.swift */,
				439C7E521C7772C000D29859 /* Assets.xcassets */,
				439C7E571C7772C000D29859 /* Info.plist */,
				439C7E791C7779D200D29859 /* HSTracker-Bridging-Header.h */,
			);
			path = HSTracker;
			sourceTree = "<group>";
		};
		439C7E5F1C7772C100D29859 /* HSTrackerTests */ = {
			isa = PBXGroup;
			children = (
				439C7E601C7772C100D29859 /* HSTrackerTests.swift */,
				439C7E621C7772C100D29859 /* Info.plist */,
				43D307FC1C835DBA00480488 /* NetImportTest.swift */,
			);
			path = HSTrackerTests;
			sourceTree = "<group>";
		};
		439C7E6A1C7772C100D29859 /* HSTrackerUITests */ = {
			isa = PBXGroup;
			children = (
				439C7E6B1C7772C100D29859 /* HSTrackerUITests.swift */,
				439C7E6D1C7772C100D29859 /* Info.plist */,
			);
			path = HSTrackerUITests;
			sourceTree = "<group>";
		};
		439C7E7A1C777CC000D29859 /* Database */ = {
			isa = PBXGroup;
			children = (
				439C7E7B1C777CD500D29859 /* Models */,
				439C7E8C1C777D1C00D29859 /* Database.swift */,
				436032971C79D59C005F1893 /* ImageDownloader.swift */,
			);
			path = Database;
			sourceTree = "<group>";
		};
		439C7E7B1C777CD500D29859 /* Models */ = {
			isa = PBXGroup;
			children = (
				439C7E7D1C777CFC00D29859 /* Deck.swift */,
				439C7E811C777CFC00D29859 /* Card.swift */,
				439C7E831C777CFC00D29859 /* CardMechanic.swift */,
			);
			path = Models;
			sourceTree = "<group>";
		};
		439C7E901C777EE800D29859 /* Core */ = {
			isa = PBXGroup;
			children = (
				439C7EE71C777FCF00D29859 /* Categories */,
				439C7E911C777EFA00D29859 /* Settings.swift */,
				43D307FA1C83159C00480488 /* SizeHelper.swift */,
			);
			path = Core;
			sourceTree = "<group>";
		};
		439C7E931C777F8900D29859 /* Logging */ = {
			isa = PBXGroup;
			children = (
				439C7E961C777F8900D29859 /* Enums */,
				439C7EA21C777F8900D29859 /* Handlers */,
				439C7E941C777F8900D29859 /* CardEntity.swift */,
				439C7E951C777F8900D29859 /* Entity.swift */,
				439C7EA11C777F8900D29859 /* Game.swift */,
				439C7EAC1C777F8900D29859 /* Hearthstone.swift */,
				439C7EAD1C777F8900D29859 /* LogLine.swift */,
				439C7EAF1C777F8900D29859 /* LogReader.swift */,
				439C7EB11C777F8900D29859 /* LogReaderManager.swift */,
				439C7EB31C777F8900D29859 /* Player.swift */,
				64C117BCDB7C91174D0EAD99 /* CardIds.swift */,
			);
			path = Logging;
			sourceTree = "<group>";
		};
		439C7E961C777F8900D29859 /* Enums */ = {
			isa = PBXGroup;
			children = (
				439C7E971C777F8900D29859 /* CardMark.swift */,
				439C7E981C777F8900D29859 /* CardType.swift */,
				439C7E991C777F8900D29859 /* GameMode.swift */,
				439C7E9A1C777F8900D29859 /* GameResult.swift */,
				439C7E9B1C777F8900D29859 /* GameTag.swift */,
				439C7E9C1C777F8900D29859 /* Mulligan.swift */,
				439C7E9D1C777F8900D29859 /* PlayState.swift */,
				439C7E9E1C777F8900D29859 /* TagClass.swift */,
				439C7E9F1C777F8900D29859 /* Zone.swift */,
				43F0002F1C81BAE8000F2F8F /* Mode.swift */,
			);
			path = Enums;
			sourceTree = "<group>";
		};
		439C7EA21C777F8900D29859 /* Handlers */ = {
			isa = PBXGroup;
			children = (
				439C7EA31C777F8900D29859 /* ArenaHandler.swift */,
				439C7EA41C777F8900D29859 /* AssetHandler.swift */,
				439C7EA51C777F8900D29859 /* BobHandler.swift */,
				439C7EA61C777F8900D29859 /* LoadingScreenHandler.swift */,
				439C7EA71C777F8900D29859 /* NetHandler.swift */,
				439C7EA81C777F8900D29859 /* PowerGameStateHandler.swift */,
				439C7EA91C777F8900D29859 /* RachelleHandler.swift */,
				439C7EAA1C777F8900D29859 /* TagChangeHandler.swift */,
			);
			path = Handlers;
			sourceTree = "<group>";
		};
		439C7ECD1C777FA900D29859 /* UIs */ = {
			isa = PBXGroup;
			children = (
				4360329E1C7D0113005F1893 /* DeckManager */,
				436032991C7B4C34005F1893 /* Preferences */,
				439C7ED41C777FA900D29859 /* Trackers */,
				439C7EEF1C78A71300D29859 /* MainMenu.xib */,
				439C7ECF1C777FA900D29859 /* ImageCache.swift */,
				43EECB971C7DEF7F0077AC1B /* ClassColor.swift */,
			);
			path = UIs;
			sourceTree = "<group>";
		};
		439C7ED41C777FA900D29859 /* Trackers */ = {
			isa = PBXGroup;
			children = (
				439C7ED61C777FA900D29859 /* CardCellView.swift */,
				439C7ED71C777FA900D29859 /* CardSize.swift */,
				439C7ED81C777FA900D29859 /* HandCountPosition.swift */,
				439C7EDC1C777FA900D29859 /* Tracker.swift */,
				439C7EDD1C777FA900D29859 /* Tracker.xib */,
			);
			path = Trackers;
			sourceTree = "<group>";
		};
		439C7EE71C777FCF00D29859 /* Categories */ = {
			isa = PBXGroup;
			children = (
				439C7EE81C777FCF00D29859 /* NSArray+HSTracker.swift */,
				439C7EE91C777FCF00D29859 /* NSString+HSTracker.swift */,
				436969141C80653000CE1D29 /* LinqExtension.swift */,
			);
			path = Categories;
			sourceTree = "<group>";
		};
		82F55DC1DE1DEEB878F5386E /* Pods */ = {
			isa = PBXGroup;
			children = (
				6DF6E90CEA5D7299D8A9A854 /* Pods-HSTracker.debug.xcconfig */,
				787C11774664AC0A4051C8E4 /* Pods-HSTracker.release.xcconfig */,
				127403DD07CF436D8A62AD88 /* Pods-HSTrackerTests.debug.xcconfig */,
				A15A4BE30B2A9008669B3239 /* Pods-HSTrackerTests.release.xcconfig */,
				B8D89D78995F40C9E9DA4D40 /* Pods-HSTrackerUITests.debug.xcconfig */,
				A5F153329E34E12AAA4D5B7C /* Pods-HSTrackerUITests.release.xcconfig */,
			);
			name = Pods;
			sourceTree = "<group>";
		};
		F997FED720A990D7DB50C540 /* Frameworks */ = {
			isa = PBXGroup;
			children = (
				1C56C37329B1EFFDD9485DF9 /* Pods_HSTracker.framework */,
				D11EF751C5BDA03013DFFFB2 /* Pods_HSTrackerTests.framework */,
				6FFB8F3F8763FD98FAD3C32F /* Pods_HSTrackerUITests.framework */,
			);
			name = Frameworks;
			sourceTree = "<group>";
		};
/* End PBXGroup section */

/* Begin PBXNativeTarget section */
		439C7E471C7772C000D29859 /* HSTracker */ = {
			isa = PBXNativeTarget;
			buildConfigurationList = 439C7E701C7772C100D29859 /* Build configuration list for PBXNativeTarget "HSTracker" */;
			buildPhases = (
				D78270F4819BDE5E91BAEEC3 /* Check Pods Manifest.lock */,
				439C7E441C7772C000D29859 /* Sources */,
				439C7E451C7772C000D29859 /* Frameworks */,
				439C7E461C7772C000D29859 /* Resources */,
				5D33BE4E48C7B59C059D27B3 /* Embed Pods Frameworks */,
				2F27056CA6947F361DA9E01F /* Copy Pods Resources */,
			);
			buildRules = (
			);
			dependencies = (
			);
			name = HSTracker;
			productName = HSTracker;
			productReference = 439C7E481C7772C000D29859 /* HSTracker.app */;
			productType = "com.apple.product-type.application";
		};
		439C7E5B1C7772C100D29859 /* HSTrackerTests */ = {
			isa = PBXNativeTarget;
			buildConfigurationList = 439C7E731C7772C100D29859 /* Build configuration list for PBXNativeTarget "HSTrackerTests" */;
			buildPhases = (
				FB626DDB381C61629F8C2C7D /* Check Pods Manifest.lock */,
				439C7E581C7772C100D29859 /* Sources */,
				439C7E591C7772C100D29859 /* Frameworks */,
				439C7E5A1C7772C100D29859 /* Resources */,
				56ADEF35187847FD27EE9568 /* Embed Pods Frameworks */,
				0D6182CFA069C51C6F06B5F9 /* Copy Pods Resources */,
			);
			buildRules = (
			);
			dependencies = (
				439C7E5E1C7772C100D29859 /* PBXTargetDependency */,
			);
			name = HSTrackerTests;
			productName = HSTrackerTests;
			productReference = 439C7E5C1C7772C100D29859 /* HSTrackerTests.xctest */;
			productType = "com.apple.product-type.bundle.unit-test";
		};
		439C7E661C7772C100D29859 /* HSTrackerUITests */ = {
			isa = PBXNativeTarget;
			buildConfigurationList = 439C7E761C7772C100D29859 /* Build configuration list for PBXNativeTarget "HSTrackerUITests" */;
			buildPhases = (
				52090FC73471AD9F4B5D1C06 /* Check Pods Manifest.lock */,
				439C7E631C7772C100D29859 /* Sources */,
				439C7E641C7772C100D29859 /* Frameworks */,
				439C7E651C7772C100D29859 /* Resources */,
				352456CC7040179A36D83074 /* Copy Pods Resources */,
			);
			buildRules = (
			);
			dependencies = (
				439C7E691C7772C100D29859 /* PBXTargetDependency */,
			);
			name = HSTrackerUITests;
			productName = HSTrackerUITests;
			productReference = 439C7E671C7772C100D29859 /* HSTrackerUITests.xctest */;
			productType = "com.apple.product-type.bundle.ui-testing";
		};
/* End PBXNativeTarget section */

/* Begin PBXProject section */
		439C7E401C7772C000D29859 /* Project object */ = {
			isa = PBXProject;
			attributes = {
				LastSwiftUpdateCheck = 0720;
				LastUpgradeCheck = 0720;
				ORGANIZATIONNAME = "Benjamin Michotte";
				TargetAttributes = {
					439C7E471C7772C000D29859 = {
						CreatedOnToolsVersion = 7.2.1;
					};
					439C7E5B1C7772C100D29859 = {
						CreatedOnToolsVersion = 7.2.1;
						TestTargetID = 439C7E471C7772C000D29859;
					};
					439C7E661C7772C100D29859 = {
						CreatedOnToolsVersion = 7.2.1;
						TestTargetID = 439C7E471C7772C000D29859;
					};
				};
			};
			buildConfigurationList = 439C7E431C7772C000D29859 /* Build configuration list for PBXProject "HSTracker" */;
			compatibilityVersion = "Xcode 3.2";
			developmentRegion = English;
			hasScannedForEncodings = 0;
			knownRegions = (
				en,
				Base,
			);
			mainGroup = 439C7E3F1C7772C000D29859;
			productRefGroup = 439C7E491C7772C000D29859 /* Products */;
			projectDirPath = "";
			projectRoot = "";
			targets = (
				439C7E471C7772C000D29859 /* HSTracker */,
				439C7E5B1C7772C100D29859 /* HSTrackerTests */,
				439C7E661C7772C100D29859 /* HSTrackerUITests */,
			);
		};
/* End PBXProject section */

/* Begin PBXResourcesBuildPhase section */
		439C7E461C7772C000D29859 /* Resources */ = {
			isa = PBXResourcesBuildPhase;
			buildActionMask = 2147483647;
			files = (
				4317196F1C84910600F5988B /* EditDeck.xib in Resources */,
				434C2F2A1C7F0F96001D1D91 /* NewDeck.xib in Resources */,
				43D308001C842DA700480488 /* GeneralPreferences.xib in Resources */,
				43D308021C842DB400480488 /* GamePreferences.xib in Resources */,
				439C7EE41C777FA900D29859 /* Tracker.xib in Resources */,
				439C7E531C7772C000D29859 /* Assets.xcassets in Resources */,
				43D3080A1C84411200480488 /* TrackersPreferences.xib in Resources */,
				439C7EF31C78A71300D29859 /* Splashscreen.xib in Resources */,
				43EECB9A1C7E3F620077AC1B /* DeckCellView.xib in Resources */,
				43EECB941C7DE1E40077AC1B /* DeckManager.xib in Resources */,
				439C7EF11C78A71300D29859 /* InitialConfiguration.xib in Resources */,
				439C7E8F1C777D6C00D29859 /* Resources in Resources */,
				439C7EF21C78A71300D29859 /* MainMenu.xib in Resources */,
			);
			runOnlyForDeploymentPostprocessing = 0;
		};
		439C7E5A1C7772C100D29859 /* Resources */ = {
			isa = PBXResourcesBuildPhase;
			buildActionMask = 2147483647;
			files = (
			);
			runOnlyForDeploymentPostprocessing = 0;
		};
		439C7E651C7772C100D29859 /* Resources */ = {
			isa = PBXResourcesBuildPhase;
			buildActionMask = 2147483647;
			files = (
			);
			runOnlyForDeploymentPostprocessing = 0;
		};
/* End PBXResourcesBuildPhase section */

/* Begin PBXShellScriptBuildPhase section */
		0D6182CFA069C51C6F06B5F9 /* Copy Pods Resources */ = {
			isa = PBXShellScriptBuildPhase;
			buildActionMask = 2147483647;
			files = (
			);
			inputPaths = (
			);
			name = "Copy Pods Resources";
			outputPaths = (
			);
			runOnlyForDeploymentPostprocessing = 0;
			shellPath = /bin/sh;
			shellScript = "\"${SRCROOT}/Pods/Target Support Files/Pods-HSTrackerTests/Pods-HSTrackerTests-resources.sh\"\n";
			showEnvVarsInLog = 0;
		};
		2F27056CA6947F361DA9E01F /* Copy Pods Resources */ = {
			isa = PBXShellScriptBuildPhase;
			buildActionMask = 2147483647;
			files = (
			);
			inputPaths = (
			);
			name = "Copy Pods Resources";
			outputPaths = (
			);
			runOnlyForDeploymentPostprocessing = 0;
			shellPath = /bin/sh;
			shellScript = "\"${SRCROOT}/Pods/Target Support Files/Pods-HSTracker/Pods-HSTracker-resources.sh\"\n";
			showEnvVarsInLog = 0;
		};
		352456CC7040179A36D83074 /* Copy Pods Resources */ = {
			isa = PBXShellScriptBuildPhase;
			buildActionMask = 2147483647;
			files = (
			);
			inputPaths = (
			);
			name = "Copy Pods Resources";
			outputPaths = (
			);
			runOnlyForDeploymentPostprocessing = 0;
			shellPath = /bin/sh;
			shellScript = "\"${SRCROOT}/Pods/Target Support Files/Pods-HSTrackerUITests/Pods-HSTrackerUITests-resources.sh\"\n";
			showEnvVarsInLog = 0;
		};
		52090FC73471AD9F4B5D1C06 /* Check Pods Manifest.lock */ = {
			isa = PBXShellScriptBuildPhase;
			buildActionMask = 2147483647;
			files = (
			);
			inputPaths = (
			);
			name = "Check Pods Manifest.lock";
			outputPaths = (
			);
			runOnlyForDeploymentPostprocessing = 0;
			shellPath = /bin/sh;
			shellScript = "diff \"${PODS_ROOT}/../Podfile.lock\" \"${PODS_ROOT}/Manifest.lock\" > /dev/null\nif [[ $? != 0 ]] ; then\n    cat << EOM\nerror: The sandbox is not in sync with the Podfile.lock. Run 'pod install' or update your CocoaPods installation.\nEOM\n    exit 1\nfi\n";
			showEnvVarsInLog = 0;
		};
		56ADEF35187847FD27EE9568 /* Embed Pods Frameworks */ = {
			isa = PBXShellScriptBuildPhase;
			buildActionMask = 2147483647;
			files = (
			);
			inputPaths = (
			);
			name = "Embed Pods Frameworks";
			outputPaths = (
			);
			runOnlyForDeploymentPostprocessing = 0;
			shellPath = /bin/sh;
			shellScript = "\"${SRCROOT}/Pods/Target Support Files/Pods-HSTrackerTests/Pods-HSTrackerTests-frameworks.sh\"\n";
			showEnvVarsInLog = 0;
		};
		5D33BE4E48C7B59C059D27B3 /* Embed Pods Frameworks */ = {
			isa = PBXShellScriptBuildPhase;
			buildActionMask = 2147483647;
			files = (
			);
			inputPaths = (
			);
			name = "Embed Pods Frameworks";
			outputPaths = (
			);
			runOnlyForDeploymentPostprocessing = 0;
			shellPath = /bin/sh;
			shellScript = "\"${SRCROOT}/Pods/Target Support Files/Pods-HSTracker/Pods-HSTracker-frameworks.sh\"\n";
			showEnvVarsInLog = 0;
		};
		D78270F4819BDE5E91BAEEC3 /* Check Pods Manifest.lock */ = {
			isa = PBXShellScriptBuildPhase;
			buildActionMask = 2147483647;
			files = (
			);
			inputPaths = (
			);
			name = "Check Pods Manifest.lock";
			outputPaths = (
			);
			runOnlyForDeploymentPostprocessing = 0;
			shellPath = /bin/sh;
			shellScript = "diff \"${PODS_ROOT}/../Podfile.lock\" \"${PODS_ROOT}/Manifest.lock\" > /dev/null\nif [[ $? != 0 ]] ; then\n    cat << EOM\nerror: The sandbox is not in sync with the Podfile.lock. Run 'pod install' or update your CocoaPods installation.\nEOM\n    exit 1\nfi\n";
			showEnvVarsInLog = 0;
		};
		FB626DDB381C61629F8C2C7D /* Check Pods Manifest.lock */ = {
			isa = PBXShellScriptBuildPhase;
			buildActionMask = 2147483647;
			files = (
			);
			inputPaths = (
			);
			name = "Check Pods Manifest.lock";
			outputPaths = (
			);
			runOnlyForDeploymentPostprocessing = 0;
			shellPath = /bin/sh;
			shellScript = "diff \"${PODS_ROOT}/../Podfile.lock\" \"${PODS_ROOT}/Manifest.lock\" > /dev/null\nif [[ $? != 0 ]] ; then\n    cat << EOM\nerror: The sandbox is not in sync with the Podfile.lock. Run 'pod install' or update your CocoaPods installation.\nEOM\n    exit 1\nfi\n";
			showEnvVarsInLog = 0;
		};
/* End PBXShellScriptBuildPhase section */

/* Begin PBXSourcesBuildPhase section */
		439C7E441C7772C000D29859 /* Sources */ = {
			isa = PBXSourcesBuildPhase;
			buildActionMask = 2147483647;
			files = (
				4360329B1C7B657C005F1893 /* Splashscreen.swift in Sources */,
				4360329A1C7B6578005F1893 /* InitialConfiguration.swift in Sources */,
				439C7EB71C777F8900D29859 /* CardType.swift in Sources */,
				43D308041C842DC000480488 /* GeneralPreferences.swift in Sources */,
				439C7E891C777CFC00D29859 /* Card.swift in Sources */,
				434C2F421C7F50F4001D1D91 /* BaseNetImporter.swift in Sources */,
				439C7E921C777EFA00D29859 /* Settings.swift in Sources */,
				439C7EED1C77997000D29859 /* HandCountPosition.swift in Sources */,
				43EECB961C7DE3BA0077AC1B /* DeckCellView.swift in Sources */,
				439C7EEC1C77991100D29859 /* CardSize.swift in Sources */,
				434C2F2F1C7F437D001D1D91 /* NetImporter.swift in Sources */,
				439C7E8B1C777CFC00D29859 /* CardMechanic.swift in Sources */,
				439C7EC21C777F8900D29859 /* BobHandler.swift in Sources */,
				439C7EC51C777F8900D29859 /* PowerGameStateHandler.swift in Sources */,
				43D308061C842DC900480488 /* GamePrefences.swift in Sources */,
				439C7EC01C777F8900D29859 /* ArenaHandler.swift in Sources */,
				439C7E8D1C777D1C00D29859 /* Database.swift in Sources */,
				439C7EB41C777F8900D29859 /* CardEntity.swift in Sources */,
				439C7ECB1C777F8900D29859 /* LogReaderManager.swift in Sources */,
				439C7EEB1C777FCF00D29859 /* NSString+HSTracker.swift in Sources */,
				43D307FB1C83159C00480488 /* SizeHelper.swift in Sources */,
				436032981C79D59C005F1893 /* ImageDownloader.swift in Sources */,
				439C7EC11C777F8900D29859 /* AssetHandler.swift in Sources */,
				439C7EE11C777FA900D29859 /* CardCellView.swift in Sources */,
				439C7EC61C777F8900D29859 /* RachelleHandler.swift in Sources */,
				434C2F2C1C7F122A001D1D91 /* NewDeck.swift in Sources */,
				439C7ECA1C777F8900D29859 /* LogReader.swift in Sources */,
				43F000301C81BAE8000F2F8F /* Mode.swift in Sources */,
				436032A21C7D0333005F1893 /* DeckManager.swift in Sources */,
				439C7EC81C777F8900D29859 /* Hearthstone.swift in Sources */,
				434C2F381C7F487D001D1D91 /* Hearthstats.swift in Sources */,
				43D308081C84410000480488 /* TrackersPreferences.swift in Sources */,
				439C7EC71C777F8900D29859 /* TagChangeHandler.swift in Sources */,
				439C7E851C777CFC00D29859 /* Deck.swift in Sources */,
				439C7EB51C777F8900D29859 /* Entity.swift in Sources */,
				434C2F321C7F475E001D1D91 /* Hearthpwn.swift in Sources */,
				439C7EBB1C777F8900D29859 /* Mulligan.swift in Sources */,
				439C7EBF1C777F8900D29859 /* Game.swift in Sources */,
				439C7EB81C777F8900D29859 /* GameMode.swift in Sources */,
				439C7EBE1C777F8900D29859 /* Zone.swift in Sources */,
				439C7ECC1C777F8900D29859 /* Player.swift in Sources */,
				434C2F341C7F4816001D1D91 /* HearthpwnDeckBuilder.swift in Sources */,
				439C7EB61C777F8900D29859 /* CardMark.swift in Sources */,
				431719711C84911300F5988B /* EditDeck.swift in Sources */,
				439C7EBD1C777F8900D29859 /* TagClass.swift in Sources */,
				439C7EEA1C777FCF00D29859 /* NSArray+HSTracker.swift in Sources */,
				43EECB981C7DEF7F0077AC1B /* ClassColor.swift in Sources */,
				434C2F361C7F4857001D1D91 /* HearthstoneDecks.swift in Sources */,
				439C7EB91C777F8900D29859 /* GameResult.swift in Sources */,
				434C2F3C1C7F48E9001D1D91 /* Hearthnews.swift in Sources */,
				434C2F3A1C7F48BE001D1D91 /* Hearthhead.swift in Sources */,
				439C7EC91C777F8900D29859 /* LogLine.swift in Sources */,
				439C7EBC1C777F8900D29859 /* PlayState.swift in Sources */,
				434C2F3E1C7F491C001D1D91 /* Heartharena.swift in Sources */,
				439C7EDE1C777FA900D29859 /* ImageCache.swift in Sources */,
				439C7EC31C777F8900D29859 /* LoadingScreenHandler.swift in Sources */,
				43EECB9C1C7E4EA20077AC1B /* CurveView.swift in Sources */,
				436969151C80653000CE1D29 /* LinqExtension.swift in Sources */,
				439C7EE31C777FA900D29859 /* Tracker.swift in Sources */,
				439C7EBA1C777F8900D29859 /* GameTag.swift in Sources */,
				439C7EC41C777F8900D29859 /* NetHandler.swift in Sources */,
				439C7E4C1C7772C000D29859 /* AppDelegate.swift in Sources */,
				64C11831FAF872B46E57E719 /* CardIds.swift in Sources */,
			);
			runOnlyForDeploymentPostprocessing = 0;
		};
		439C7E581C7772C100D29859 /* Sources */ = {
			isa = PBXSourcesBuildPhase;
			buildActionMask = 2147483647;
			files = (
				43D307FD1C835DBA00480488 /* NetImportTest.swift in Sources */,
				439C7E611C7772C100D29859 /* HSTrackerTests.swift in Sources */,
			);
			runOnlyForDeploymentPostprocessing = 0;
		};
		439C7E631C7772C100D29859 /* Sources */ = {
			isa = PBXSourcesBuildPhase;
			buildActionMask = 2147483647;
			files = (
				439C7E6C1C7772C100D29859 /* HSTrackerUITests.swift in Sources */,
			);
			runOnlyForDeploymentPostprocessing = 0;
		};
/* End PBXSourcesBuildPhase section */

/* Begin PBXTargetDependency section */
		439C7E5E1C7772C100D29859 /* PBXTargetDependency */ = {
			isa = PBXTargetDependency;
			target = 439C7E471C7772C000D29859 /* HSTracker */;
			targetProxy = 439C7E5D1C7772C100D29859 /* PBXContainerItemProxy */;
		};
		439C7E691C7772C100D29859 /* PBXTargetDependency */ = {
			isa = PBXTargetDependency;
			target = 439C7E471C7772C000D29859 /* HSTracker */;
			targetProxy = 439C7E681C7772C100D29859 /* PBXContainerItemProxy */;
		};
/* End PBXTargetDependency section */

/* Begin XCBuildConfiguration section */
		439C7E6E1C7772C100D29859 /* Debug */ = {
			isa = XCBuildConfiguration;
			buildSettings = {
				ALWAYS_SEARCH_USER_PATHS = NO;
				CLANG_CXX_LANGUAGE_STANDARD = "gnu++0x";
				CLANG_CXX_LIBRARY = "libc++";
				CLANG_ENABLE_MODULES = YES;
				CLANG_ENABLE_OBJC_ARC = YES;
				CLANG_WARN_BOOL_CONVERSION = YES;
				CLANG_WARN_CONSTANT_CONVERSION = YES;
				CLANG_WARN_DIRECT_OBJC_ISA_USAGE = YES_ERROR;
				CLANG_WARN_EMPTY_BODY = YES;
				CLANG_WARN_ENUM_CONVERSION = YES;
				CLANG_WARN_INT_CONVERSION = YES;
				CLANG_WARN_OBJC_ROOT_CLASS = YES_ERROR;
				CLANG_WARN_UNREACHABLE_CODE = YES;
				CLANG_WARN__DUPLICATE_METHOD_MATCH = YES;
				CODE_SIGN_IDENTITY = "-";
				COPY_PHASE_STRIP = NO;
				DEBUG_INFORMATION_FORMAT = dwarf;
				ENABLE_STRICT_OBJC_MSGSEND = YES;
				ENABLE_TESTABILITY = YES;
				GCC_C_LANGUAGE_STANDARD = gnu99;
				GCC_DYNAMIC_NO_PIC = NO;
				GCC_NO_COMMON_BLOCKS = YES;
				GCC_OPTIMIZATION_LEVEL = 0;
				GCC_PREPROCESSOR_DEFINITIONS = (
					"DEBUG=1",
					"$(inherited)",
				);
				GCC_WARN_64_TO_32_BIT_CONVERSION = YES;
				GCC_WARN_ABOUT_RETURN_TYPE = YES_ERROR;
				GCC_WARN_UNDECLARED_SELECTOR = YES;
				GCC_WARN_UNINITIALIZED_AUTOS = YES_AGGRESSIVE;
				GCC_WARN_UNUSED_FUNCTION = YES;
				GCC_WARN_UNUSED_VARIABLE = YES;
				MACOSX_DEPLOYMENT_TARGET = 10.10;
				MTL_ENABLE_DEBUG_INFO = YES;
				ONLY_ACTIVE_ARCH = YES;
				SDKROOT = macosx;
				SWIFT_OPTIMIZATION_LEVEL = "-Onone";
			};
			name = Debug;
		};
		439C7E6F1C7772C100D29859 /* Release */ = {
			isa = XCBuildConfiguration;
			buildSettings = {
				ALWAYS_SEARCH_USER_PATHS = NO;
				CLANG_CXX_LANGUAGE_STANDARD = "gnu++0x";
				CLANG_CXX_LIBRARY = "libc++";
				CLANG_ENABLE_MODULES = YES;
				CLANG_ENABLE_OBJC_ARC = YES;
				CLANG_WARN_BOOL_CONVERSION = YES;
				CLANG_WARN_CONSTANT_CONVERSION = YES;
				CLANG_WARN_DIRECT_OBJC_ISA_USAGE = YES_ERROR;
				CLANG_WARN_EMPTY_BODY = YES;
				CLANG_WARN_ENUM_CONVERSION = YES;
				CLANG_WARN_INT_CONVERSION = YES;
				CLANG_WARN_OBJC_ROOT_CLASS = YES_ERROR;
				CLANG_WARN_UNREACHABLE_CODE = YES;
				CLANG_WARN__DUPLICATE_METHOD_MATCH = YES;
				CODE_SIGN_IDENTITY = "-";
				COPY_PHASE_STRIP = NO;
				DEBUG_INFORMATION_FORMAT = "dwarf-with-dsym";
				ENABLE_NS_ASSERTIONS = NO;
				ENABLE_STRICT_OBJC_MSGSEND = YES;
				GCC_C_LANGUAGE_STANDARD = gnu99;
				GCC_NO_COMMON_BLOCKS = YES;
				GCC_WARN_64_TO_32_BIT_CONVERSION = YES;
				GCC_WARN_ABOUT_RETURN_TYPE = YES_ERROR;
				GCC_WARN_UNDECLARED_SELECTOR = YES;
				GCC_WARN_UNINITIALIZED_AUTOS = YES_AGGRESSIVE;
				GCC_WARN_UNUSED_FUNCTION = YES;
				GCC_WARN_UNUSED_VARIABLE = YES;
				MACOSX_DEPLOYMENT_TARGET = 10.10;
				MTL_ENABLE_DEBUG_INFO = NO;
				SDKROOT = macosx;
			};
			name = Release;
		};
		439C7E711C7772C100D29859 /* Debug */ = {
			isa = XCBuildConfiguration;
			baseConfigurationReference = 6DF6E90CEA5D7299D8A9A854 /* Pods-HSTracker.debug.xcconfig */;
			buildSettings = {
				ASSETCATALOG_COMPILER_APPICON_NAME = AppIcon;
				COMBINE_HIDPI_IMAGES = YES;
				INFOPLIST_FILE = HSTracker/Info.plist;
				LD_RUNPATH_SEARCH_PATHS = "$(inherited) @executable_path/../Frameworks";
				MACOSX_DEPLOYMENT_TARGET = 10.10;
				OTHER_SWIFT_FLAGS = "-DDEBUG $(inherited)";
				PRODUCT_BUNDLE_IDENTIFIER = be.michotte.HSTracker;
				PRODUCT_NAME = "$(TARGET_NAME)";
				SWIFT_OBJC_BRIDGING_HEADER = "HSTracker/HSTracker-Bridging-Header.h";
			};
			name = Debug;
		};
		439C7E721C7772C100D29859 /* Release */ = {
			isa = XCBuildConfiguration;
			baseConfigurationReference = 787C11774664AC0A4051C8E4 /* Pods-HSTracker.release.xcconfig */;
			buildSettings = {
				ASSETCATALOG_COMPILER_APPICON_NAME = AppIcon;
				COMBINE_HIDPI_IMAGES = YES;
				INFOPLIST_FILE = HSTracker/Info.plist;
				LD_RUNPATH_SEARCH_PATHS = "$(inherited) @executable_path/../Frameworks";
				MACOSX_DEPLOYMENT_TARGET = 10.10;
				PRODUCT_BUNDLE_IDENTIFIER = be.michotte.HSTracker;
				PRODUCT_NAME = "$(TARGET_NAME)";
				SWIFT_OBJC_BRIDGING_HEADER = "HSTracker/HSTracker-Bridging-Header.h";
			};
			name = Release;
		};
		439C7E741C7772C100D29859 /* Debug */ = {
			isa = XCBuildConfiguration;
			baseConfigurationReference = 127403DD07CF436D8A62AD88 /* Pods-HSTrackerTests.debug.xcconfig */;
			buildSettings = {
				BUNDLE_LOADER = "$(TEST_HOST)";
				COMBINE_HIDPI_IMAGES = YES;
				INFOPLIST_FILE = HSTrackerTests/Info.plist;
				LD_RUNPATH_SEARCH_PATHS = "$(inherited) @executable_path/../Frameworks @loader_path/../Frameworks";
				PRODUCT_BUNDLE_IDENTIFIER = be.michotte.HSTrackerTests;
				PRODUCT_NAME = "$(TARGET_NAME)";
				TEST_HOST = "$(BUILT_PRODUCTS_DIR)/HSTracker.app/Contents/MacOS/HSTracker";
			};
			name = Debug;
		};
		439C7E751C7772C100D29859 /* Release */ = {
			isa = XCBuildConfiguration;
			baseConfigurationReference = A15A4BE30B2A9008669B3239 /* Pods-HSTrackerTests.release.xcconfig */;
			buildSettings = {
				BUNDLE_LOADER = "$(TEST_HOST)";
				COMBINE_HIDPI_IMAGES = YES;
				INFOPLIST_FILE = HSTrackerTests/Info.plist;
				LD_RUNPATH_SEARCH_PATHS = "$(inherited) @executable_path/../Frameworks @loader_path/../Frameworks";
				PRODUCT_BUNDLE_IDENTIFIER = be.michotte.HSTrackerTests;
				PRODUCT_NAME = "$(TARGET_NAME)";
				TEST_HOST = "$(BUILT_PRODUCTS_DIR)/HSTracker.app/Contents/MacOS/HSTracker";
			};
			name = Release;
		};
		439C7E771C7772C100D29859 /* Debug */ = {
			isa = XCBuildConfiguration;
			baseConfigurationReference = B8D89D78995F40C9E9DA4D40 /* Pods-HSTrackerUITests.debug.xcconfig */;
			buildSettings = {
				COMBINE_HIDPI_IMAGES = YES;
				INFOPLIST_FILE = HSTrackerUITests/Info.plist;
				LD_RUNPATH_SEARCH_PATHS = "$(inherited) @executable_path/../Frameworks @loader_path/../Frameworks";
				PRODUCT_BUNDLE_IDENTIFIER = be.michotte.HSTrackerUITests;
				PRODUCT_NAME = "$(TARGET_NAME)";
				TEST_TARGET_NAME = HSTracker;
				USES_XCTRUNNER = YES;
			};
			name = Debug;
		};
		439C7E781C7772C100D29859 /* Release */ = {
			isa = XCBuildConfiguration;
			baseConfigurationReference = A5F153329E34E12AAA4D5B7C /* Pods-HSTrackerUITests.release.xcconfig */;
			buildSettings = {
				COMBINE_HIDPI_IMAGES = YES;
				INFOPLIST_FILE = HSTrackerUITests/Info.plist;
				LD_RUNPATH_SEARCH_PATHS = "$(inherited) @executable_path/../Frameworks @loader_path/../Frameworks";
				PRODUCT_BUNDLE_IDENTIFIER = be.michotte.HSTrackerUITests;
				PRODUCT_NAME = "$(TARGET_NAME)";
				TEST_TARGET_NAME = HSTracker;
				USES_XCTRUNNER = YES;
			};
			name = Release;
		};
/* End XCBuildConfiguration section */

/* Begin XCConfigurationList section */
		439C7E431C7772C000D29859 /* Build configuration list for PBXProject "HSTracker" */ = {
			isa = XCConfigurationList;
			buildConfigurations = (
				439C7E6E1C7772C100D29859 /* Debug */,
				439C7E6F1C7772C100D29859 /* Release */,
			);
			defaultConfigurationIsVisible = 0;
			defaultConfigurationName = Release;
		};
		439C7E701C7772C100D29859 /* Build configuration list for PBXNativeTarget "HSTracker" */ = {
			isa = XCConfigurationList;
			buildConfigurations = (
				439C7E711C7772C100D29859 /* Debug */,
				439C7E721C7772C100D29859 /* Release */,
			);
			defaultConfigurationIsVisible = 0;
			defaultConfigurationName = Release;
		};
		439C7E731C7772C100D29859 /* Build configuration list for PBXNativeTarget "HSTrackerTests" */ = {
			isa = XCConfigurationList;
			buildConfigurations = (
				439C7E741C7772C100D29859 /* Debug */,
				439C7E751C7772C100D29859 /* Release */,
			);
			defaultConfigurationIsVisible = 0;
			defaultConfigurationName = Release;
		};
		439C7E761C7772C100D29859 /* Build configuration list for PBXNativeTarget "HSTrackerUITests" */ = {
			isa = XCConfigurationList;
			buildConfigurations = (
				439C7E771C7772C100D29859 /* Debug */,
				439C7E781C7772C100D29859 /* Release */,
			);
			defaultConfigurationIsVisible = 0;
			defaultConfigurationName = Release;
		};
/* End XCConfigurationList section */
	};
	rootObject = 439C7E401C7772C000D29859 /* Project object */;
}
